
Microsoft Visual Studio Solution File, Format Version 12.00
# Visual Studio Version 17
VisualStudioVersion = 17.7.34024.191
MinimumVisualStudioVersion = 10.0.40219.1
Project("{FAE04EC0-301F-11D3-BF4B-00C04F79EFBC}") = "First", "First\First.csproj", "{134961B8-8CCF-4027-A184-7C1442EF2A02}"
EndProject
Global
	GlobalSection(SolutionConfigurationPlatforms) = preSolution
		Debug|Any CPU = Debug|Any CPU
		Release|Any CPU = Release|Any CPU
	EndGlobalSection
	GlobalSection(ProjectConfigurationPlatforms) = postSolution
		{134961B8-8CCF-4027-A184-7C1442EF2A02}.Debug|Any CPU.ActiveCfg = Debug|Any CPU
		{134961B8-8CCF-4027-A184-7C1442EF2A02}.Debug|Any CPU.Build.0 = Debug|Any CPU
		{134961B8-8CCF-4027-A184-7C1442EF2A02}.Release|Any CPU.ActiveCfg = Release|Any CPU
		{134961B8-8CCF-4027-A184-7C1442EF2A02}.Release|Any CPU.Build.0 = Release|Any CPU
	EndGlobalSection
	GlobalSection(SolutionProperties) = preSolution
		HideSolutionNode = FALSE
	EndGlobalSection
	GlobalSection(ExtensibilityGlobals) = postSolution
		SolutionGuid = {436B412B-E81F-4F73-BAFB-5A28AFD84F35}
	EndGlobalSection
EndGlobal
