
Microsoft Visual Studio Solution File, Format Version 12.00
# Visual Studio Version 17
VisualStudioVersion = 17.7.34024.191
MinimumVisualStudioVersion = 10.0.40219.1
Project("{FAE04EC0-301F-11D3-BF4B-00C04F79EFBC}") = "Fourth", "Fourth\Fourth.csproj", "{EEA12A98-30FF-439C-B1FA-37ABD4AC4A75}"
EndProject
Global
	GlobalSection(SolutionConfigurationPlatforms) = preSolution
		Debug|Any CPU = Debug|Any CPU
		Release|Any CPU = Release|Any CPU
	EndGlobalSection
	GlobalSection(ProjectConfigurationPlatforms) = postSolution
		{EEA12A98-30FF-439C-B1FA-37ABD4AC4A75}.Debug|Any CPU.ActiveCfg = Debug|Any CPU
		{EEA12A98-30FF-439C-B1FA-37ABD4AC4A75}.Debug|Any CPU.Build.0 = Debug|Any CPU
		{EEA12A98-30FF-439C-B1FA-37ABD4AC4A75}.Release|Any CPU.ActiveCfg = Release|Any CPU
		{EEA12A98-30FF-439C-B1FA-37ABD4AC4A75}.Release|Any CPU.Build.0 = Release|Any CPU
	EndGlobalSection
	GlobalSection(SolutionProperties) = preSolution
		HideSolutionNode = FALSE
	EndGlobalSection
	GlobalSection(ExtensibilityGlobals) = postSolution
		SolutionGuid = {C6DE60E8-FCF6-4FCD-B4BC-E56CABB01063}
	EndGlobalSection
EndGlobal
